# This file is automatically @generated by Cargo.
# It is not intended for manual editing.
version = 3

[[package]]
name = "build-only-dep"
version = "0.1.0"
dependencies = [
 "some-leaf-dep",
]

[[package]]
name = "dep-that-depends-on-build-only-dep"
version = "0.1.0"
dependencies = [
 "build-only-dep",
]

[[package]]
name = "some-leaf-dep"
version = "0.1.0"

[[package]]
name = "top-level-that-depends-on-bindep"
version = "0.1.0"
dependencies = [
 "will-get-bindeped",
]

[[package]]
name = "will-get-bindeped"
version = "0.1.0"
dependencies = [
 "dep-that-depends-on-build-only-dep",
]
